
Microsoft Visual Studio Solution File, Format Version 12.00
# Visual Studio Version 16
VisualStudioVersion = 16.0.30523.141
MinimumVisualStudioVersion = 10.0.40219.1
Project("{FAE04EC0-301F-11D3-BF4B-00C04F79EFBC}") = "PracticeWithDelegates", "PracticeWithDelegates.csproj", "{A3D98655-B055-4704-970D-96D48DDEF794}"
EndProject
Global
	GlobalSection(SolutionConfigurationPlatforms) = preSolution
		Debug|Any CPU = Debug|Any CPU
		Release|Any CPU = Release|Any CPU
	EndGlobalSection
	GlobalSection(ProjectConfigurationPlatforms) = postSolution
		{A3D98655-B055-4704-970D-96D48DDEF794}.Debug|Any CPU.ActiveCfg = Debug|Any CPU
		{A3D98655-B055-4704-970D-96D48DDEF794}.Debug|Any CPU.Build.0 = Debug|Any CPU
		{A3D98655-B055-4704-970D-96D48DDEF794}.Release|Any CPU.ActiveCfg = Release|Any CPU
		{A3D98655-B055-4704-970D-96D48DDEF794}.Release|Any CPU.Build.0 = Release|Any CPU
	EndGlobalSection
	GlobalSection(SolutionProperties) = preSolution
		HideSolutionNode = FALSE
	EndGlobalSection
	GlobalSection(ExtensibilityGlobals) = postSolution
		SolutionGuid = {EEA59BF2-0A4F-4643-9468-707608DF3FA3}
	EndGlobalSection
EndGlobal
